// !$*UTF8*$!
{
	archiveVersion = 1;
	classes = {
	};
	objectVersion = 55;
	objects = {

/* Begin PBXBuildFile section */
		39999B7C28EC763900837299 /* Tests_iOS.swift in Sources */ = {isa = PBXBuildFile; fileRef = 39999B7B28EC763900837299 /* Tests_iOS.swift */; };
		39999B7E28EC763900837299 /* Tests_iOSLaunchTests.swift in Sources */ = {isa = PBXBuildFile; fileRef = 39999B7D28EC763900837299 /* Tests_iOSLaunchTests.swift */; };
		39999B8828EC763900837299 /* Tests_macOS.swift in Sources */ = {isa = PBXBuildFile; fileRef = 39999B8728EC763900837299 /* Tests_macOS.swift */; };
		39999B8A28EC763900837299 /* Tests_macOSLaunchTests.swift in Sources */ = {isa = PBXBuildFile; fileRef = 39999B8928EC763900837299 /* Tests_macOSLaunchTests.swift */; };
		39999B8B28EC763900837299 /* FEEDApp.swift in Sources */ = {isa = PBXBuildFile; fileRef = 39999B6328EC763400837299 /* FEEDApp.swift */; };
		39999B8C28EC763900837299 /* FEEDApp.swift in Sources */ = {isa = PBXBuildFile; fileRef = 39999B6328EC763400837299 /* FEEDApp.swift */; };
		39999B8D28EC763900837299 /* ContentView.swift in Sources */ = {isa = PBXBuildFile; fileRef = 39999B6428EC763400837299 /* ContentView.swift */; };
		39999B8E28EC763900837299 /* ContentView.swift in Sources */ = {isa = PBXBuildFile; fileRef = 39999B6428EC763400837299 /* ContentView.swift */; };
		39999B8F28EC763900837299 /* Assets.xcassets in Resources */ = {isa = PBXBuildFile; fileRef = 39999B6528EC763900837299 /* Assets.xcassets */; };
		39999B9028EC763900837299 /* Assets.xcassets in Resources */ = {isa = PBXBuildFile; fileRef = 39999B6528EC763900837299 /* Assets.xcassets */; };
/* End PBXBuildFile section */

/* Begin PBXContainerItemProxy section */
		39999B7828EC763900837299 /* PBXContainerItemProxy */ = {
			isa = PBXContainerItemProxy;
			containerPortal = 39999B5E28EC763400837299 /* Project object */;
			proxyType = 1;
			remoteGlobalIDString = 39999B6928EC763900837299;
			remoteInfo = "FEED (iOS)";
		};
		39999B8428EC763900837299 /* PBXContainerItemProxy */ = {
			isa = PBXContainerItemProxy;
			containerPortal = 39999B5E28EC763400837299 /* Project object */;
			proxyType = 1;
			remoteGlobalIDString = 39999B6F28EC763900837299;
			remoteInfo = "FEED (macOS)";
		};
/* End PBXContainerItemProxy section */

/* Begin PBXFileReference section */
		39999B6328EC763400837299 /* FEEDApp.swift */ = {isa = PBXFileReference; lastKnownFileType = sourcecode.swift; path = FEEDApp.swift; sourceTree = "<group>"; };
		39999B6428EC763400837299 /* ContentView.swift */ = {isa = PBXFileReference; lastKnownFileType = sourcecode.swift; path = ContentView.swift; sourceTree = "<group>"; };
		39999B6528EC763900837299 /* Assets.xcassets */ = {isa = PBXFileReference; lastKnownFileType = folder.assetcatalog; path = Assets.xcassets; sourceTree = "<group>"; };
		39999B6A28EC763900837299 /* FEED.app */ = {isa = PBXFileReference; explicitFileType = wrapper.application; includeInIndex = 0; path = FEED.app; sourceTree = BUILT_PRODUCTS_DIR; };
		39999B7028EC763900837299 /* FEED.app */ = {isa = PBXFileReference; explicitFileType = wrapper.application; includeInIndex = 0; path = FEED.app; sourceTree = BUILT_PRODUCTS_DIR; };
		39999B7228EC763900837299 /* macOS.entitlements */ = {isa = PBXFileReference; lastKnownFileType = text.plist.entitlements; path = macOS.entitlements; sourceTree = "<group>"; };
		39999B7728EC763900837299 /* Tests iOS.xctest */ = {isa = PBXFileReference; explicitFileType = wrapper.cfbundle; includeInIndex = 0; path = "Tests iOS.xctest"; sourceTree = BUILT_PRODUCTS_DIR; };
		39999B7B28EC763900837299 /* Tests_iOS.swift */ = {isa = PBXFileReference; lastKnownFileType = sourcecode.swift; path = Tests_iOS.swift; sourceTree = "<group>"; };
		39999B7D28EC763900837299 /* Tests_iOSLaunchTests.swift */ = {isa = PBXFileReference; lastKnownFileType = sourcecode.swift; path = Tests_iOSLaunchTests.swift; sourceTree = "<group>"; };
		39999B8328EC763900837299 /* Tests macOS.xctest */ = {isa = PBXFileReference; explicitFileType = wrapper.cfbundle; includeInIndex = 0; path = "Tests macOS.xctest"; sourceTree = BUILT_PRODUCTS_DIR; };
		39999B8728EC763900837299 /* Tests_macOS.swift */ = {isa = PBXFileReference; lastKnownFileType = sourcecode.swift; path = Tests_macOS.swift; sourceTree = "<group>"; };
		39999B8928EC763900837299 /* Tests_macOSLaunchTests.swift */ = {isa = PBXFileReference; lastKnownFileType = sourcecode.swift; path = Tests_macOSLaunchTests.swift; sourceTree = "<group>"; };
/* End PBXFileReference section */

/* Begin PBXFrameworksBuildPhase section */
		39999B6728EC763900837299 /* Frameworks */ = {
			isa = PBXFrameworksBuildPhase;
			buildActionMask = 2147483647;
			files = (
			);
			runOnlyForDeploymentPostprocessing = 0;
		};
		39999B6D28EC763900837299 /* Frameworks */ = {
			isa = PBXFrameworksBuildPhase;
			buildActionMask = 2147483647;
			files = (
			);
			runOnlyForDeploymentPostprocessing = 0;
		};
		39999B7428EC763900837299 /* Frameworks */ = {
			isa = PBXFrameworksBuildPhase;
			buildActionMask = 2147483647;
			files = (
			);
			runOnlyForDeploymentPostprocessing = 0;
		};
		39999B8028EC763900837299 /* Frameworks */ = {
			isa = PBXFrameworksBuildPhase;
			buildActionMask = 2147483647;
			files = (
			);
			runOnlyForDeploymentPostprocessing = 0;
		};
/* End PBXFrameworksBuildPhase section */

/* Begin PBXGroup section */
		39999B5D28EC763400837299 = {
			isa = PBXGroup;
			children = (
				39999B6228EC763400837299 /* Shared */,
				39999B7128EC763900837299 /* macOS */,
				39999B7A28EC763900837299 /* Tests iOS */,
				39999B8628EC763900837299 /* Tests macOS */,
				39999B6B28EC763900837299 /* Products */,
			);
			sourceTree = "<group>";
		};
		39999B6228EC763400837299 /* Shared */ = {
			isa = PBXGroup;
			children = (
				39999B6328EC763400837299 /* FEEDApp.swift */,
				39999B6428EC763400837299 /* ContentView.swift */,
				39999B6528EC763900837299 /* Assets.xcassets */,
			);
			path = Shared;
			sourceTree = "<group>";
		};
		39999B6B28EC763900837299 /* Products */ = {
			isa = PBXGroup;
			children = (
				39999B6A28EC763900837299 /* FEED.app */,
				39999B7028EC763900837299 /* FEED.app */,
				39999B7728EC763900837299 /* Tests iOS.xctest */,
				39999B8328EC763900837299 /* Tests macOS.xctest */,
			);
			name = Products;
			sourceTree = "<group>";
		};
		39999B7128EC763900837299 /* macOS */ = {
			isa = PBXGroup;
			children = (
				39999B7228EC763900837299 /* macOS.entitlements */,
			);
			path = macOS;
			sourceTree = "<group>";
		};
		39999B7A28EC763900837299 /* Tests iOS */ = {
			isa = PBXGroup;
			children = (
				39999B7B28EC763900837299 /* Tests_iOS.swift */,
				39999B7D28EC763900837299 /* Tests_iOSLaunchTests.swift */,
			);
			path = "Tests iOS";
			sourceTree = "<group>";
		};
		39999B8628EC763900837299 /* Tests macOS */ = {
			isa = PBXGroup;
			children = (
				39999B8728EC763900837299 /* Tests_macOS.swift */,
				39999B8928EC763900837299 /* Tests_macOSLaunchTests.swift */,
			);
			path = "Tests macOS";
			sourceTree = "<group>";
		};
/* End PBXGroup section */

/* Begin PBXNativeTarget section */
		39999B6928EC763900837299 /* FEED (iOS) */ = {
			isa = PBXNativeTarget;
			buildConfigurationList = 39999B9328EC763900837299 /* Build configuration list for PBXNativeTarget "FEED (iOS)" */;
			buildPhases = (
				39999B6628EC763900837299 /* Sources */,
				39999B6728EC763900837299 /* Frameworks */,
				39999B6828EC763900837299 /* Resources */,
			);
			buildRules = (
			);
			dependencies = (
			);
			name = "FEED (iOS)";
			productName = "FEED (iOS)";
			productReference = 39999B6A28EC763900837299 /* FEED.app */;
			productType = "com.apple.product-type.application";
		};
		39999B6F28EC763900837299 /* FEED (macOS) */ = {
			isa = PBXNativeTarget;
			buildConfigurationList = 39999B9628EC763900837299 /* Build configuration list for PBXNativeTarget "FEED (macOS)" */;
			buildPhases = (
				39999B6C28EC763900837299 /* Sources */,
				39999B6D28EC763900837299 /* Frameworks */,
				39999B6E28EC763900837299 /* Resources */,
			);
			buildRules = (
			);
			dependencies = (
			);
			name = "FEED (macOS)";
			productName = "FEED (macOS)";
			productReference = 39999B7028EC763900837299 /* FEED.app */;
			productType = "com.apple.product-type.application";
		};
		39999B7628EC763900837299 /* Tests iOS */ = {
			isa = PBXNativeTarget;
			buildConfigurationList = 39999B9928EC763900837299 /* Build configuration list for PBXNativeTarget "Tests iOS" */;
			buildPhases = (
				39999B7328EC763900837299 /* Sources */,
				39999B7428EC763900837299 /* Frameworks */,
				39999B7528EC763900837299 /* Resources */,
			);
			buildRules = (
			);
			dependencies = (
				39999B7928EC763900837299 /* PBXTargetDependency */,
			);
			name = "Tests iOS";
			productName = "Tests iOS";
			productReference = 39999B7728EC763900837299 /* Tests iOS.xctest */;
			productType = "com.apple.product-type.bundle.ui-testing";
		};
		39999B8228EC763900837299 /* Tests macOS */ = {
			isa = PBXNativeTarget;
			buildConfigurationList = 39999B9C28EC763900837299 /* Build configuration list for PBXNativeTarget "Tests macOS" */;
			buildPhases = (
				39999B7F28EC763900837299 /* Sources */,
				39999B8028EC763900837299 /* Frameworks */,
				39999B8128EC763900837299 /* Resources */,
			);
			buildRules = (
			);
			dependencies = (
				39999B8528EC763900837299 /* PBXTargetDependency */,
			);
			name = "Tests macOS";
			productName = "Tests macOS";
			productReference = 39999B8328EC763900837299 /* Tests macOS.xctest */;
			productType = "com.apple.product-type.bundle.ui-testing";
		};
/* End PBXNativeTarget section */

/* Begin PBXProject section */
		39999B5E28EC763400837299 /* Project object */ = {
			isa = PBXProject;
			attributes = {
				BuildIndependentTargetsInParallel = 1;
				LastSwiftUpdateCheck = 1320;
				LastUpgradeCheck = 1320;
				TargetAttributes = {
					39999B6928EC763900837299 = {
						CreatedOnToolsVersion = 13.2.1;
					};
					39999B6F28EC763900837299 = {
						CreatedOnToolsVersion = 13.2.1;
					};
					39999B7628EC763900837299 = {
						CreatedOnToolsVersion = 13.2.1;
						TestTargetID = 39999B6928EC763900837299;
					};
					39999B8228EC763900837299 = {
						CreatedOnToolsVersion = 13.2.1;
						TestTargetID = 39999B6F28EC763900837299;
					};
				};
			};
			buildConfigurationList = 39999B6128EC763400837299 /* Build configuration list for PBXProject "FEED" */;
			compatibilityVersion = "Xcode 13.0";
			developmentRegion = en;
			hasScannedForEncodings = 0;
			knownRegions = (
				en,
				Base,
			);
			mainGroup = 39999B5D28EC763400837299;
			productRefGroup = 39999B6B28EC763900837299 /* Products */;
			projectDirPath = "";
			projectRoot = "";
			targets = (
				39999B6928EC763900837299 /* FEED (iOS) */,
				39999B6F28EC763900837299 /* FEED (macOS) */,
				39999B7628EC763900837299 /* Tests iOS */,
				39999B8228EC763900837299 /* Tests macOS */,
			);
		};
/* End PBXProject section */

/* Begin PBXResourcesBuildPhase section */
		39999B6828EC763900837299 /* Resources */ = {
			isa = PBXResourcesBuildPhase;
			buildActionMask = 2147483647;
			files = (
				39999B8F28EC763900837299 /* Assets.xcassets in Resources */,
			);
			runOnlyForDeploymentPostprocessing = 0;
		};
		39999B6E28EC763900837299 /* Resources */ = {
			isa = PBXResourcesBuildPhase;
			buildActionMask = 2147483647;
			files = (
				39999B9028EC763900837299 /* Assets.xcassets in Resources */,
			);
			runOnlyForDeploymentPostprocessing = 0;
		};
		39999B7528EC763900837299 /* Resources */ = {
			isa = PBXResourcesBuildPhase;
			buildActionMask = 2147483647;
			files = (
			);
			runOnlyForDeploymentPostprocessing = 0;
		};
		39999B8128EC763900837299 /* Resources */ = {
			isa = PBXResourcesBuildPhase;
			buildActionMask = 2147483647;
			files = (
			);
			runOnlyForDeploymentPostprocessing = 0;
		};
/* End PBXResourcesBuildPhase section */

/* Begin PBXSourcesBuildPhase section */
		39999B6628EC763900837299 /* Sources */ = {
			isa = PBXSourcesBuildPhase;
			buildActionMask = 2147483647;
			files = (
				39999B8D28EC763900837299 /* ContentView.swift in Sources */,
				39999B8B28EC763900837299 /* FEEDApp.swift in Sources */,
			);
			runOnlyForDeploymentPostprocessing = 0;
		};
		39999B6C28EC763900837299 /* Sources */ = {
			isa = PBXSourcesBuildPhase;
			buildActionMask = 2147483647;
			files = (
				39999B8E28EC763900837299 /* ContentView.swift in Sources */,
				39999B8C28EC763900837299 /* FEEDApp.swift in Sources */,
			);
			runOnlyForDeploymentPostprocessing = 0;
		};
		39999B7328EC763900837299 /* Sources */ = {
			isa = PBXSourcesBuildPhase;
			buildActionMask = 2147483647;
			files = (
				39999B7E28EC763900837299 /* Tests_iOSLaunchTests.swift in Sources */,
				39999B7C28EC763900837299 /* Tests_iOS.swift in Sources */,
			);
			runOnlyForDeploymentPostprocessing = 0;
		};
		39999B7F28EC763900837299 /* Sources */ = {
			isa = PBXSourcesBuildPhase;
			buildActionMask = 2147483647;
			files = (
				39999B8A28EC763900837299 /* Tests_macOSLaunchTests.swift in Sources */,
				39999B8828EC763900837299 /* Tests_macOS.swift in Sources */,
			);
			runOnlyForDeploymentPostprocessing = 0;
		};
/* End PBXSourcesBuildPhase section */

/* Begin PBXTargetDependency section */
		39999B7928EC763900837299 /* PBXTargetDependency */ = {
			isa = PBXTargetDependency;
			target = 39999B6928EC763900837299 /* FEED (iOS) */;
			targetProxy = 39999B7828EC763900837299 /* PBXContainerItemProxy */;
		};
		39999B8528EC763900837299 /* PBXTargetDependency */ = {
			isa = PBXTargetDependency;
			target = 39999B6F28EC763900837299 /* FEED (macOS) */;
			targetProxy = 39999B8428EC763900837299 /* PBXContainerItemProxy */;
		};
/* End PBXTargetDependency section */

/* Begin XCBuildConfiguration section */
		39999B9128EC763900837299 /* Debug */ = {
			isa = XCBuildConfiguration;
			buildSettings = {
				ALWAYS_SEARCH_USER_PATHS = NO;
				CLANG_ANALYZER_NONNULL = YES;
				CLANG_ANALYZER_NUMBER_OBJECT_CONVERSION = YES_AGGRESSIVE;
				CLANG_CXX_LANGUAGE_STANDARD = "gnu++17";
				CLANG_CXX_LIBRARY = "libc++";
				CLANG_ENABLE_MODULES = YES;
				CLANG_ENABLE_OBJC_ARC = YES;
				CLANG_ENABLE_OBJC_WEAK = YES;
				CLANG_WARN_BLOCK_CAPTURE_AUTORELEASING = YES;
				CLANG_WARN_BOOL_CONVERSION = YES;
				CLANG_WARN_COMMA = YES;
				CLANG_WARN_CONSTANT_CONVERSION = YES;
				CLANG_WARN_DEPRECATED_OBJC_IMPLEMENTATIONS = YES;
				CLANG_WARN_DIRECT_OBJC_ISA_USAGE = YES_ERROR;
				CLANG_WARN_DOCUMENTATION_COMMENTS = YES;
				CLANG_WARN_EMPTY_BODY = YES;
				CLANG_WARN_ENUM_CONVERSION = YES;
				CLANG_WARN_INFINITE_RECURSION = YES;
				CLANG_WARN_INT_CONVERSION = YES;
				CLANG_WARN_NON_LITERAL_NULL_CONVERSION = YES;
				CLANG_WARN_OBJC_IMPLICIT_RETAIN_SELF = YES;
				CLANG_WARN_OBJC_LITERAL_CONVERSION = YES;
				CLANG_WARN_OBJC_ROOT_CLASS = YES_ERROR;
				CLANG_WARN_QUOTED_INCLUDE_IN_FRAMEWORK_HEADER = YES;
				CLANG_WARN_RANGE_LOOP_ANALYSIS = YES;
				CLANG_WARN_STRICT_PROTOTYPES = YES;
				CLANG_WARN_SUSPICIOUS_MOVE = YES;
				CLANG_WARN_UNGUARDED_AVAILABILITY = YES_AGGRESSIVE;
				CLANG_WARN_UNREACHABLE_CODE = YES;
				CLANG_WARN__DUPLICATE_METHOD_MATCH = YES;
				COPY_PHASE_STRIP = NO;
				DEBUG_INFORMATION_FORMAT = dwarf;
				ENABLE_STRICT_OBJC_MSGSEND = YES;
				ENABLE_TESTABILITY = YES;
				GCC_C_LANGUAGE_STANDARD = gnu11;
				GCC_DYNAMIC_NO_PIC = NO;
				GCC_NO_COMMON_BLOCKS = YES;
				GCC_OPTIMIZATION_LEVEL = 0;
				GCC_PREPROCESSOR_DEFINITIONS = (
					"DEBUG=1",
					"$(inherited)",
				);
				GCC_WARN_64_TO_32_BIT_CONVERSION = YES;
				GCC_WARN_ABOUT_RETURN_TYPE = YES_ERROR;
				GCC_WARN_UNDECLARED_SELECTOR = YES;
				GCC_WARN_UNINITIALIZED_AUTOS = YES_AGGRESSIVE;
				GCC_WARN_UNUSED_FUNCTION = YES;
				GCC_WARN_UNUSED_VARIABLE = YES;
				MTL_ENABLE_DEBUG_INFO = INCLUDE_SOURCE;
				MTL_FAST_MATH = YES;
				ONLY_ACTIVE_ARCH = YES;
				SWIFT_ACTIVE_COMPILATION_CONDITIONS = DEBUG;
				SWIFT_OPTIMIZATION_LEVEL = "-Onone";
			};
			name = Debug;
		};
		39999B9228EC763900837299 /* Release */ = {
			isa = XCBuildConfiguration;
			buildSettings = {
				ALWAYS_SEARCH_USER_PATHS = NO;
				CLANG_ANALYZER_NONNULL = YES;
				CLANG_ANALYZER_NUMBER_OBJECT_CONVERSION = YES_AGGRESSIVE;
				CLANG_CXX_LANGUAGE_STANDARD = "gnu++17";
				CLANG_CXX_LIBRARY = "libc++";
				CLANG_ENABLE_MODULES = YES;
				CLANG_ENABLE_OBJC_ARC = YES;
				CLANG_ENABLE_OBJC_WEAK = YES;
				CLANG_WARN_BLOCK_CAPTURE_AUTORELEASING = YES;
				CLANG_WARN_BOOL_CONVERSION = YES;
				CLANG_WARN_COMMA = YES;
				CLANG_WARN_CONSTANT_CONVERSION = YES;
				CLANG_WARN_DEPRECATED_OBJC_IMPLEMENTATIONS = YES;
				CLANG_WARN_DIRECT_OBJC_ISA_USAGE = YES_ERROR;
				CLANG_WARN_DOCUMENTATION_COMMENTS = YES;
				CLANG_WARN_EMPTY_BODY = YES;
				CLANG_WARN_ENUM_CONVERSION = YES;
				CLANG_WARN_INFINITE_RECURSION = YES;
				CLANG_WARN_INT_CONVERSION = YES;
				CLANG_WARN_NON_LITERAL_NULL_CONVERSION = YES;
				CLANG_WARN_OBJC_IMPLICIT_RETAIN_SELF = YES;
				CLANG_WARN_OBJC_LITERAL_CONVERSION = YES;
				CLANG_WARN_OBJC_ROOT_CLASS = YES_ERROR;
				CLANG_WARN_QUOTED_INCLUDE_IN_FRAMEWORK_HEADER = YES;
				CLANG_WARN_RANGE_LOOP_ANALYSIS = YES;
				CLANG_WARN_STRICT_PROTOTYPES = YES;
				CLANG_WARN_SUSPICIOUS_MOVE = YES;
				CLANG_WARN_UNGUARDED_AVAILABILITY = YES_AGGRESSIVE;
				CLANG_WARN_UNREACHABLE_CODE = YES;
				CLANG_WARN__DUPLICATE_METHOD_MATCH = YES;
				COPY_PHASE_STRIP = NO;
				DEBUG_INFORMATION_FORMAT = "dwarf-with-dsym";
				ENABLE_NS_ASSERTIONS = NO;
				ENABLE_STRICT_OBJC_MSGSEND = YES;
				GCC_C_LANGUAGE_STANDARD = gnu11;
				GCC_NO_COMMON_BLOCKS = YES;
				GCC_WARN_64_TO_32_BIT_CONVERSION = YES;
				GCC_WARN_ABOUT_RETURN_TYPE = YES_ERROR;
				GCC_WARN_UNDECLARED_SELECTOR = YES;
				GCC_WARN_UNINITIALIZED_AUTOS = YES_AGGRESSIVE;
				GCC_WARN_UNUSED_FUNCTION = YES;
				GCC_WARN_UNUSED_VARIABLE = YES;
				MTL_ENABLE_DEBUG_INFO = NO;
				MTL_FAST_MATH = YES;
				SWIFT_COMPILATION_MODE = wholemodule;
				SWIFT_OPTIMIZATION_LEVEL = "-O";
			};
			name = Release;
		};
		39999B9428EC763900837299 /* Debug */ = {
			isa = XCBuildConfiguration;
			buildSettings = {
				ASSETCATALOG_COMPILER_APPICON_NAME = AppIcon;
				ASSETCATALOG_COMPILER_GLOBAL_ACCENT_COLOR_NAME = AccentColor;
				CODE_SIGN_STYLE = Automatic;
				CURRENT_PROJECT_VERSION = 1;
				DEVELOPMENT_TEAM = 9L6FM39CGW;
				ENABLE_PREVIEWS = YES;
				GENERATE_INFOPLIST_FILE = YES;
				INFOPLIST_KEY_UIApplicationSceneManifest_Generation = YES;
				INFOPLIST_KEY_UIApplicationSupportsIndirectInputEvents = YES;
				INFOPLIST_KEY_UILaunchScreen_Generation = YES;
				INFOPLIST_KEY_UISupportedInterfaceOrientations_iPad = "UIInterfaceOrientationPortrait UIInterfaceOrientationPortraitUpsideDown UIInterfaceOrientationLandscapeLeft UIInterfaceOrientationLandscapeRight";
				INFOPLIST_KEY_UISupportedInterfaceOrientations_iPhone = "UIInterfaceOrientationPortrait UIInterfaceOrientationLandscapeLeft UIInterfaceOrientationLandscapeRight";
				IPHONEOS_DEPLOYMENT_TARGET = 15.2;
				LD_RUNPATH_SEARCH_PATHS = (
					"$(inherited)",
					"@executable_path/Frameworks",
				);
				MARKETING_VERSION = 1.0;
				PRODUCT_BUNDLE_IDENTIFIER = com.rachelli.FEED;
				PRODUCT_NAME = FEED;
				SDKROOT = iphoneos;
				SWIFT_EMIT_LOC_STRINGS = YES;
				SWIFT_VERSION = 5.0;
				TARGETED_DEVICE_FAMILY = "1,2";
			};
			name = Debug;
		};
		39999B9528EC763900837299 /* Release */ = {
			isa = XCBuildConfiguration;
			buildSettings = {
				ASSETCATALOG_COMPILER_APPICON_NAME = AppIcon;
				ASSETCATALOG_COMPILER_GLOBAL_ACCENT_COLOR_NAME = AccentColor;
				CODE_SIGN_STYLE = Automatic;
				CURRENT_PROJECT_VERSION = 1;
				DEVELOPMENT_TEAM = 9L6FM39CGW;
				ENABLE_PREVIEWS = YES;
				GENERATE_INFOPLIST_FILE = YES;
				INFOPLIST_KEY_UIApplicationSceneManifest_Generation = YES;
				INFOPLIST_KEY_UIApplicationSupportsIndirectInputEvents = YES;
				INFOPLIST_KEY_UILaunchScreen_Generation = YES;
				INFOPLIST_KEY_UISupportedInterfaceOrientations_iPad = "UIInterfaceOrientationPortrait UIInterfaceOrientationPortraitUpsideDown UIInterfaceOrientationLandscapeLeft UIInterfaceOrientationLandscapeRight";
				INFOPLIST_KEY_UISupportedInterfaceOrientations_iPhone = "UIInterfaceOrientationPortrait UIInterfaceOrientationLandscapeLeft UIInterfaceOrientationLandscapeRight";
				IPHONEOS_DEPLOYMENT_TARGET = 15.2;
				LD_RUNPATH_SEARCH_PATHS = (
					"$(inherited)",
					"@executable_path/Frameworks",
				);
				MARKETING_VERSION = 1.0;
				PRODUCT_BUNDLE_IDENTIFIER = com.rachelli.FEED;
				PRODUCT_NAME = FEED;
				SDKROOT = iphoneos;
				SWIFT_EMIT_LOC_STRINGS = YES;
				SWIFT_VERSION = 5.0;
				TARGETED_DEVICE_FAMILY = "1,2";
				VALIDATE_PRODUCT = YES;
			};
			name = Release;
		};
		39999B9728EC763900837299 /* Debug */ = {
			isa = XCBuildConfiguration;
			buildSettings = {
				ASSETCATALOG_COMPILER_APPICON_NAME = AppIcon;
				ASSETCATALOG_COMPILER_GLOBAL_ACCENT_COLOR_NAME = AccentColor;
				CODE_SIGN_ENTITLEMENTS = macOS/macOS.entitlements;
				CODE_SIGN_STYLE = Automatic;
				COMBINE_HIDPI_IMAGES = YES;
				CURRENT_PROJECT_VERSION = 1;
				DEVELOPMENT_TEAM = 9L6FM39CGW;
				ENABLE_HARDENED_RUNTIME = YES;
				ENABLE_PREVIEWS = YES;
				GENERATE_INFOPLIST_FILE = YES;
				INFOPLIST_KEY_NSHumanReadableCopyright = "";
				LD_RUNPATH_SEARCH_PATHS = (
					"$(inherited)",
					"@executable_path/../Frameworks",
				);
				MACOSX_DEPLOYMENT_TARGET = 12.1;
				MARKETING_VERSION = 1.0;
				PRODUCT_BUNDLE_IDENTIFIER = com.rachelli.FEED;
				PRODUCT_NAME = FEED;
				SDKROOT = macosx;
				SWIFT_EMIT_LOC_STRINGS = YES;
				SWIFT_VERSION = 5.0;
			};
			name = Debug;
		};
		39999B9828EC763900837299 /* Release */ = {
			isa = XCBuildConfiguration;
			buildSettings = {
				ASSETCATALOG_COMPILER_APPICON_NAME = AppIcon;
				ASSETCATALOG_COMPILER_GLOBAL_ACCENT_COLOR_NAME = AccentColor;
				CODE_SIGN_ENTITLEMENTS = macOS/macOS.entitlements;
				CODE_SIGN_STYLE = Automatic;
				COMBINE_HIDPI_IMAGES = YES;
				CURRENT_PROJECT_VERSION = 1;
				DEVELOPMENT_TEAM = 9L6FM39CGW;
				ENABLE_HARDENED_RUNTIME = YES;
				ENABLE_PREVIEWS = YES;
				GENERATE_INFOPLIST_FILE = YES;
				INFOPLIST_KEY_NSHumanReadableCopyright = "";
				LD_RUNPATH_SEARCH_PATHS = (
					"$(inherited)",
					"@executable_path/../Frameworks",
				);
				MACOSX_DEPLOYMENT_TARGET = 12.1;
				MARKETING_VERSION = 1.0;
				PRODUCT_BUNDLE_IDENTIFIER = com.rachelli.FEED;
				PRODUCT_NAME = FEED;
				SDKROOT = macosx;
				SWIFT_EMIT_LOC_STRINGS = YES;
				SWIFT_VERSION = 5.0;
			};
			name = Release;
		};
		39999B9A28EC763900837299 /* Debug */ = {
			isa = XCBuildConfiguration;
			buildSettings = {
				ALWAYS_EMBED_SWIFT_STANDARD_LIBRARIES = YES;
				CODE_SIGN_STYLE = Automatic;
				CURRENT_PROJECT_VERSION = 1;
				DEVELOPMENT_TEAM = 9L6FM39CGW;
				GENERATE_INFOPLIST_FILE = YES;
				IPHONEOS_DEPLOYMENT_TARGET = 15.2;
				MARKETING_VERSION = 1.0;
				PRODUCT_BUNDLE_IDENTIFIER = "com.rachelli.Tests-iOS";
				PRODUCT_NAME = "$(TARGET_NAME)";
				SDKROOT = iphoneos;
				SWIFT_EMIT_LOC_STRINGS = NO;
				SWIFT_VERSION = 5.0;
				TARGETED_DEVICE_FAMILY = "1,2";
				TEST_TARGET_NAME = "FEED (iOS)";
			};
			name = Debug;
		};
		39999B9B28EC763900837299 /* Release */ = {
			isa = XCBuildConfiguration;
			buildSettings = {
				ALWAYS_EMBED_SWIFT_STANDARD_LIBRARIES = YES;
				CODE_SIGN_STYLE = Automatic;
				CURRENT_PROJECT_VERSION = 1;
				DEVELOPMENT_TEAM = 9L6FM39CGW;
				GENERATE_INFOPLIST_FILE = YES;
				IPHONEOS_DEPLOYMENT_TARGET = 15.2;
				MARKETING_VERSION = 1.0;
				PRODUCT_BUNDLE_IDENTIFIER = "com.rachelli.Tests-iOS";
				PRODUCT_NAME = "$(TARGET_NAME)";
				SDKROOT = iphoneos;
				SWIFT_EMIT_LOC_STRINGS = NO;
				SWIFT_VERSION = 5.0;
				TARGETED_DEVICE_FAMILY = "1,2";
				TEST_TARGET_NAME = "FEED (iOS)";
				VALIDATE_PRODUCT = YES;
			};
			name = Release;
		};
		39999B9D28EC763900837299 /* Debug */ = {
			isa = XCBuildConfiguration;
			buildSettings = {
				ALWAYS_EMBED_SWIFT_STANDARD_LIBRARIES = YES;
				CODE_SIGN_STYLE = Automatic;
				CURRENT_PROJECT_VERSION = 1;
				DEVELOPMENT_TEAM = 9L6FM39CGW;
				GENERATE_INFOPLIST_FILE = YES;
				MACOSX_DEPLOYMENT_TARGET = 12.1;
				MARKETING_VERSION = 1.0;
				PRODUCT_BUNDLE_IDENTIFIER = "com.rachelli.Tests-macOS";
				PRODUCT_NAME = "$(TARGET_NAME)";
				SDKROOT = macosx;
				SWIFT_EMIT_LOC_STRINGS = NO;
				SWIFT_VERSION = 5.0;
				TEST_TARGET_NAME = "FEED (macOS)";
			};
			name = Debug;
		};
		39999B9E28EC763900837299 /* Release */ = {
			isa = XCBuildConfiguration;
			buildSettings = {
				ALWAYS_EMBED_SWIFT_STANDARD_LIBRARIES = YES;
				CODE_SIGN_STYLE = Automatic;
				CURRENT_PROJECT_VERSION = 1;
				DEVELOPMENT_TEAM = 9L6FM39CGW;
				GENERATE_INFOPLIST_FILE = YES;
				MACOSX_DEPLOYMENT_TARGET = 12.1;
				MARKETING_VERSION = 1.0;
				PRODUCT_BUNDLE_IDENTIFIER = "com.rachelli.Tests-macOS";
				PRODUCT_NAME = "$(TARGET_NAME)";
				SDKROOT = macosx;
				SWIFT_EMIT_LOC_STRINGS = NO;
				SWIFT_VERSION = 5.0;
				TEST_TARGET_NAME = "FEED (macOS)";
			};
			name = Release;
		};
/* End XCBuildConfiguration section */

/* Begin XCConfigurationList section */
		39999B6128EC763400837299 /* Build configuration list for PBXProject "FEED" */ = {
			isa = XCConfigurationList;
			buildConfigurations = (
				39999B9128EC763900837299 /* Debug */,
				39999B9228EC763900837299 /* Release */,
			);
			defaultConfigurationIsVisible = 0;
			defaultConfigurationName = Release;
		};
		39999B9328EC763900837299 /* Build configuration list for PBXNativeTarget "FEED (iOS)" */ = {
			isa = XCConfigurationList;
			buildConfigurations = (
				39999B9428EC763900837299 /* Debug */,
				39999B9528EC763900837299 /* Release */,
			);
			defaultConfigurationIsVisible = 0;
			defaultConfigurationName = Release;
		};
		39999B9628EC763900837299 /* Build configuration list for PBXNativeTarget "FEED (macOS)" */ = {
			isa = XCConfigurationList;
			buildConfigurations = (
				39999B9728EC763900837299 /* Debug */,
				39999B9828EC763900837299 /* Release */,
			);
			defaultConfigurationIsVisible = 0;
			defaultConfigurationName = Release;
		};
		39999B9928EC763900837299 /* Build configuration list for PBXNativeTarget "Tests iOS" */ = {
			isa = XCConfigurationList;
			buildConfigurations = (
				39999B9A28EC763900837299 /* Debug */,
				39999B9B28EC763900837299 /* Release */,
			);
			defaultConfigurationIsVisible = 0;
			defaultConfigurationName = Release;
		};
		39999B9C28EC763900837299 /* Build configuration list for PBXNativeTarget "Tests macOS" */ = {
			isa = XCConfigurationList;
			buildConfigurations = (
				39999B9D28EC763900837299 /* Debug */,
				39999B9E28EC763900837299 /* Release */,
			);
			defaultConfigurationIsVisible = 0;
			defaultConfigurationName = Release;
		};
/* End XCConfigurationList section */
	};
	rootObject = 39999B5E28EC763400837299 /* Project object */;
}
